
Microsoft Visual Studio Solution File, Format Version 12.00
# Visual Studio Version 17
VisualStudioVersion = 17.7.34031.279
MinimumVisualStudioVersion = 10.0.40219.1
Project("{FAE04EC0-301F-11D3-BF4B-00C04F79EFBC}") = "GA_Class_DavidAbarca", "GA_Class_DavidAbarca.csproj", "{A23E6973-D2FF-46BE-8D67-F6A2E0E9E507}"
EndProject
Global
	GlobalSection(SolutionConfigurationPlatforms) = preSolution
		Debug|Any CPU = Debug|Any CPU
		Release|Any CPU = Release|Any CPU
	EndGlobalSection
	GlobalSection(ProjectConfigurationPlatforms) = postSolution
		{A23E6973-D2FF-46BE-8D67-F6A2E0E9E507}.Debug|Any CPU.ActiveCfg = Debug|Any CPU
		{A23E6973-D2FF-46BE-8D67-F6A2E0E9E507}.Debug|Any CPU.Build.0 = Debug|Any CPU
		{A23E6973-D2FF-46BE-8D67-F6A2E0E9E507}.Release|Any CPU.ActiveCfg = Release|Any CPU
		{A23E6973-D2FF-46BE-8D67-F6A2E0E9E507}.Release|Any CPU.Build.0 = Release|Any CPU
	EndGlobalSection
	GlobalSection(SolutionProperties) = preSolution
		HideSolutionNode = FALSE
	EndGlobalSection
	GlobalSection(ExtensibilityGlobals) = postSolution
		SolutionGuid = {74F1D907-931A-4982-BB1F-1386F2F80913}
	EndGlobalSection
EndGlobal
